
Microsoft Visual Studio Solution File, Format Version 12.00
# Visual Studio Version 16
VisualStudioVersion = 16.0.31605.320
MinimumVisualStudioVersion = 10.0.40219.1
Project("{FAE04EC0-301F-11D3-BF4B-00C04F79EFBC}") = "User Registration", "User Registration.csproj", "{882C73C4-1488-469C-B5EE-518BF89E8966}"
EndProject
Global
	GlobalSection(SolutionConfigurationPlatforms) = preSolution
		Debug|Any CPU = Debug|Any CPU
		Release|Any CPU = Release|Any CPU
	EndGlobalSection
	GlobalSection(ProjectConfigurationPlatforms) = postSolution
		{882C73C4-1488-469C-B5EE-518BF89E8966}.Debug|Any CPU.ActiveCfg = Debug|Any CPU
		{882C73C4-1488-469C-B5EE-518BF89E8966}.Debug|Any CPU.Build.0 = Debug|Any CPU
		{882C73C4-1488-469C-B5EE-518BF89E8966}.Release|Any CPU.ActiveCfg = Release|Any CPU
		{882C73C4-1488-469C-B5EE-518BF89E8966}.Release|Any CPU.Build.0 = Release|Any CPU
	EndGlobalSection
	GlobalSection(SolutionProperties) = preSolution
		HideSolutionNode = FALSE
	EndGlobalSection
	GlobalSection(ExtensibilityGlobals) = postSolution
		SolutionGuid = {85C116D3-B438-4D54-957C-EB6D9B451C83}
	EndGlobalSection
EndGlobal
